{
    "_readme": [
        "This file locks the dependencies of your project to a known state",
        "Read more about it at https://getcomposer.org/doc/01-basic-usage.md#composer-lock-the-lock-file",
        "This file is @generated automatically"
    ],
    "hash": "2adb21f3193dc595fe4f68f6b95a9a19",
    "content-hash": "301302b3657ba7e0505978ef26b84610",
    "packages": [
        {
            "name": "tcdent/php-restclient",
            "version": "0.1.5",
            "source": {
                "type": "git",
                "url": "https://github.com/tcdent/php-restclient.git",
                "reference": "5e9a2dd89f11cd9d9262cf889922fd9d13abda7b"
            },
            "dist": {
                "type": "zip",
                "url": "https://api.github.com/repos/tcdent/php-restclient/zipball/5e9a2dd89f11cd9d9262cf889922fd9d13abda7b",
                "reference": "5e9a2dd89f11cd9d9262cf889922fd9d13abda7b",
                "shasum": ""
            },
            "require": {
                "ext-curl": "*",
                "ext-json": "*",
                "php": ">=5.4.0"
            },
            "require-dev": {
                "php": ">=5.5.7",
                "phpunit/phpunit": ">=4.5"
            },
            "type": "library",
            "autoload": {
                "files": [
                    "restclient.php"
                ]
            },
            "notification-url": "https://packagist.org/downloads/",
            "license": [
                "MIT"
            ],
            "authors": [
                {
                    "name": "Travis Dent",
                    "email": "tcdent@gmail.com",
                    "role": "Developer"
                }
            ],
            "description": "A generic REST API client for PHP",
            "homepage": "http://github.com/tcdent/php-restclient",
            "keywords": [
                "api",
                "client",
                "curl",
                "json",
                "rest",
                "xml"
            ],
            "time": "2016-05-19 16:57:42"
        }
    ],
    "packages-dev": [],
    "aliases": [],
    "minimum-stability": "stable",
    "stability-flags": [],
    "prefer-stable": false,
    "prefer-lowest": false,
    "platform": [],
    "platform-dev": []
}
